// !$*UTF8*$!
{
	archiveVersion = 1;
	classes = {
	};
	objectVersion = 46;
	objects = {

/* Begin PBXBuildFile section */
		E78E098E1DE80ACE003AF8E0 /* AppDelegate.swift in Sources */ = {isa = PBXBuildFile; fileRef = E78E098D1DE80ACE003AF8E0 /* AppDelegate.swift */; };
		E78E09901DE80ACE003AF8E0 /* ViewController.swift in Sources */ = {isa = PBXBuildFile; fileRef = E78E098F1DE80ACE003AF8E0 /* ViewController.swift */; };
		E78E09931DE80ACE003AF8E0 /* Main.storyboard in Resources */ = {isa = PBXBuildFile; fileRef = E78E09911DE80ACE003AF8E0 /* Main.storyboard */; };
		E78E09951DE80ACE003AF8E0 /* Assets.xcassets in Resources */ = {isa = PBXBuildFile; fileRef = E78E09941DE80ACE003AF8E0 /* Assets.xcassets */; };
		E78E09981DE80ACE003AF8E0 /* LaunchScreen.storyboard in Resources */ = {isa = PBXBuildFile; fileRef = E78E09961DE80ACE003AF8E0 /* LaunchScreen.storyboard */; };
		E78E09A31DE80ACE003AF8E0 /* huatuTests.swift in Sources */ = {isa = PBXBuildFile; fileRef = E78E09A21DE80ACE003AF8E0 /* huatuTests.swift */; };
		E78E09AE1DE80ACE003AF8E0 /* huatuUITests.swift in Sources */ = {isa = PBXBuildFile; fileRef = E78E09AD1DE80ACE003AF8E0 /* huatuUITests.swift */; };
/* End PBXBuildFile section */

/* Begin PBXContainerItemProxy section */
		E78E099F1DE80ACE003AF8E0 /* PBXContainerItemProxy */ = {
			isa = PBXContainerItemProxy;
			containerPortal = E78E09821DE80ACD003AF8E0 /* Project object */;
			proxyType = 1;
			remoteGlobalIDString = E78E09891DE80ACE003AF8E0;
			remoteInfo = huatu;
		};
		E78E09AA1DE80ACE003AF8E0 /* PBXContainerItemProxy */ = {
			isa = PBXContainerItemProxy;
			containerPortal = E78E09821DE80ACD003AF8E0 /* Project object */;
			proxyType = 1;
			remoteGlobalIDString = E78E09891DE80ACE003AF8E0;
			remoteInfo = huatu;
		};
/* End PBXContainerItemProxy section */

/* Begin PBXFileReference section */
		E78E098A1DE80ACE003AF8E0 /* huatu.app */ = {isa = PBXFileReference; explicitFileType = wrapper.application; includeInIndex = 0; path = huatu.app; sourceTree = BUILT_PRODUCTS_DIR; };
		E78E098D1DE80ACE003AF8E0 /* AppDelegate.swift */ = {isa = PBXFileReference; lastKnownFileType = sourcecode.swift; path = AppDelegate.swift; sourceTree = "<group>"; };
		E78E098F1DE80ACE003AF8E0 /* ViewController.swift */ = {isa = PBXFileReference; lastKnownFileType = sourcecode.swift; path = ViewController.swift; sourceTree = "<group>"; };
		E78E09921DE80ACE003AF8E0 /* Base */ = {isa = PBXFileReference; lastKnownFileType = file.storyboard; name = Base; path = Base.lproj/Main.storyboard; sourceTree = "<group>"; };
		E78E09941DE80ACE003AF8E0 /* Assets.xcassets */ = {isa = PBXFileReference; lastKnownFileType = folder.assetcatalog; path = Assets.xcassets; sourceTree = "<group>"; };
		E78E09971DE80ACE003AF8E0 /* Base */ = {isa = PBXFileReference; lastKnownFileType = file.storyboard; name = Base; path = Base.lproj/LaunchScreen.storyboard; sourceTree = "<group>"; };
		E78E09991DE80ACE003AF8E0 /* Info.plist */ = {isa = PBXFileReference; lastKnownFileType = text.plist.xml; path = Info.plist; sourceTree = "<group>"; };
		E78E099E1DE80ACE003AF8E0 /* huatuTests.xctest */ = {isa = PBXFileReference; explicitFileType = wrapper.cfbundle; includeInIndex = 0; path = huatuTests.xctest; sourceTree = BUILT_PRODUCTS_DIR; };
		E78E09A21DE80ACE003AF8E0 /* huatuTests.swift */ = {isa = PBXFileReference; lastKnownFileType = sourcecode.swift; path = huatuTests.swift; sourceTree = "<group>"; };
		E78E09A41DE80ACE003AF8E0 /* Info.plist */ = {isa = PBXFileReference; lastKnownFileType = text.plist.xml; path = Info.plist; sourceTree = "<group>"; };
		E78E09A91DE80ACE003AF8E0 /* huatuUITests.xctest */ = {isa = PBXFileReference; explicitFileType = wrapper.cfbundle; includeInIndex = 0; path = huatuUITests.xctest; sourceTree = BUILT_PRODUCTS_DIR; };
		E78E09AD1DE80ACE003AF8E0 /* huatuUITests.swift */ = {isa = PBXFileReference; lastKnownFileType = sourcecode.swift; path = huatuUITests.swift; sourceTree = "<group>"; };
		E78E09AF1DE80ACE003AF8E0 /* Info.plist */ = {isa = PBXFileReference; lastKnownFileType = text.plist.xml; path = Info.plist; sourceTree = "<group>"; };
/* End PBXFileReference section */

/* Begin PBXFrameworksBuildPhase section */
		E78E09871DE80ACE003AF8E0 /* Frameworks */ = {
			isa = PBXFrameworksBuildPhase;
			buildActionMask = 2147483647;
			files = (
			);
			runOnlyForDeploymentPostprocessing = 0;
		};
		E78E099B1DE80ACE003AF8E0 /* Frameworks */ = {
			isa = PBXFrameworksBuildPhase;
			buildActionMask = 2147483647;
			files = (
			);
			runOnlyForDeploymentPostprocessing = 0;
		};
		E78E09A61DE80ACE003AF8E0 /* Frameworks */ = {
			isa = PBXFrameworksBuildPhase;
			buildActionMask = 2147483647;
			files = (
			);
			runOnlyForDeploymentPostprocessing = 0;
		};
/* End PBXFrameworksBuildPhase section */

/* Begin PBXGroup section */
		E78E09811DE80ACD003AF8E0 = {
			isa = PBXGroup;
			children = (
				E78E098C1DE80ACE003AF8E0 /* huatu */,
				E78E09A11DE80ACE003AF8E0 /* huatuTests */,
				E78E09AC1DE80ACE003AF8E0 /* huatuUITests */,
				E78E098B1DE80ACE003AF8E0 /* Products */,
			);
			sourceTree = "<group>";
		};
		E78E098B1DE80ACE003AF8E0 /* Products */ = {
			isa = PBXGroup;
			children = (
				E78E098A1DE80ACE003AF8E0 /* huatu.app */,
				E78E099E1DE80ACE003AF8E0 /* huatuTests.xctest */,
				E78E09A91DE80ACE003AF8E0 /* huatuUITests.xctest */,
			);
			name = Products;
			sourceTree = "<group>";
		};
		E78E098C1DE80ACE003AF8E0 /* huatu */ = {
			isa = PBXGroup;
			children = (
				E78E098D1DE80ACE003AF8E0 /* AppDelegate.swift */,
				E78E098F1DE80ACE003AF8E0 /* ViewController.swift */,
				E78E09911DE80ACE003AF8E0 /* Main.storyboard */,
				E78E09941DE80ACE003AF8E0 /* Assets.xcassets */,
				E78E09961DE80ACE003AF8E0 /* LaunchScreen.storyboard */,
				E78E09991DE80ACE003AF8E0 /* Info.plist */,
			);
			path = huatu;
			sourceTree = "<group>";
		};
		E78E09A11DE80ACE003AF8E0 /* huatuTests */ = {
			isa = PBXGroup;
			children = (
				E78E09A21DE80ACE003AF8E0 /* huatuTests.swift */,
				E78E09A41DE80ACE003AF8E0 /* Info.plist */,
			);
			path = huatuTests;
			sourceTree = "<group>";
		};
		E78E09AC1DE80ACE003AF8E0 /* huatuUITests */ = {
			isa = PBXGroup;
			children = (
				E78E09AD1DE80ACE003AF8E0 /* huatuUITests.swift */,
				E78E09AF1DE80ACE003AF8E0 /* Info.plist */,
			);
			path = huatuUITests;
			sourceTree = "<group>";
		};
/* End PBXGroup section */

/* Begin PBXNativeTarget section */
		E78E09891DE80ACE003AF8E0 /* huatu */ = {
			isa = PBXNativeTarget;
			buildConfigurationList = E78E09B21DE80ACE003AF8E0 /* Build configuration list for PBXNativeTarget "huatu" */;
			buildPhases = (
				E78E09861DE80ACE003AF8E0 /* Sources */,
				E78E09871DE80ACE003AF8E0 /* Frameworks */,
				E78E09881DE80ACE003AF8E0 /* Resources */,
			);
			buildRules = (
			);
			dependencies = (
			);
			name = huatu;
			productName = huatu;
			productReference = E78E098A1DE80ACE003AF8E0 /* huatu.app */;
			productType = "com.apple.product-type.application";
		};
		E78E099D1DE80ACE003AF8E0 /* huatuTests */ = {
			isa = PBXNativeTarget;
			buildConfigurationList = E78E09B51DE80ACE003AF8E0 /* Build configuration list for PBXNativeTarget "huatuTests" */;
			buildPhases = (
				E78E099A1DE80ACE003AF8E0 /* Sources */,
				E78E099B1DE80ACE003AF8E0 /* Frameworks */,
				E78E099C1DE80ACE003AF8E0 /* Resources */,
			);
			buildRules = (
			);
			dependencies = (
				E78E09A01DE80ACE003AF8E0 /* PBXTargetDependency */,
			);
			name = huatuTests;
			productName = huatuTests;
			productReference = E78E099E1DE80ACE003AF8E0 /* huatuTests.xctest */;
			productType = "com.apple.product-type.bundle.unit-test";
		};
		E78E09A81DE80ACE003AF8E0 /* huatuUITests */ = {
			isa = PBXNativeTarget;
			buildConfigurationList = E78E09B81DE80ACE003AF8E0 /* Build configuration list for PBXNativeTarget "huatuUITests" */;
			buildPhases = (
				E78E09A51DE80ACE003AF8E0 /* Sources */,
				E78E09A61DE80ACE003AF8E0 /* Frameworks */,
				E78E09A71DE80ACE003AF8E0 /* Resources */,
			);
			buildRules = (
			);
			dependencies = (
				E78E09AB1DE80ACE003AF8E0 /* PBXTargetDependency */,
			);
			name = huatuUITests;
			productName = huatuUITests;
			productReference = E78E09A91DE80ACE003AF8E0 /* huatuUITests.xctest */;
			productType = "com.apple.product-type.bundle.ui-testing";
		};
/* End PBXNativeTarget section */

/* Begin PBXProject section */
		E78E09821DE80ACD003AF8E0 /* Project object */ = {
			isa = PBXProject;
			attributes = {
				LastSwiftUpdateCheck = 0810;
				LastUpgradeCheck = 0810;
				ORGANIZATIONNAME = Hey;
				TargetAttributes = {
					E78E09891DE80ACE003AF8E0 = {
						CreatedOnToolsVersion = 8.1;
						DevelopmentTeam = E37V3JA328;
						ProvisioningStyle = Automatic;
					};
					E78E099D1DE80ACE003AF8E0 = {
						CreatedOnToolsVersion = 8.1;
						ProvisioningStyle = Automatic;
						TestTargetID = E78E09891DE80ACE003AF8E0;
					};
					E78E09A81DE80ACE003AF8E0 = {
						CreatedOnToolsVersion = 8.1;
						ProvisioningStyle = Automatic;
						TestTargetID = E78E09891DE80ACE003AF8E0;
					};
				};
			};
			buildConfigurationList = E78E09851DE80ACD003AF8E0 /* Build configuration list for PBXProject "huatu" */;
			compatibilityVersion = "Xcode 3.2";
			developmentRegion = English;
			hasScannedForEncodings = 0;
			knownRegions = (
				en,
				Base,
			);
			mainGroup = E78E09811DE80ACD003AF8E0;
			productRefGroup = E78E098B1DE80ACE003AF8E0 /* Products */;
			projectDirPath = "";
			projectRoot = "";
			targets = (
				E78E09891DE80ACE003AF8E0 /* huatu */,
				E78E099D1DE80ACE003AF8E0 /* huatuTests */,
				E78E09A81DE80ACE003AF8E0 /* huatuUITests */,
			);
		};
/* End PBXProject section */

/* Begin PBXResourcesBuildPhase section */
		E78E09881DE80ACE003AF8E0 /* Resources */ = {
			isa = PBXResourcesBuildPhase;
			buildActionMask = 2147483647;
			files = (
				E78E09981DE80ACE003AF8E0 /* LaunchScreen.storyboard in Resources */,
				E78E09951DE80ACE003AF8E0 /* Assets.xcassets in Resources */,
				E78E09931DE80ACE003AF8E0 /* Main.storyboard in Resources */,
			);
			runOnlyForDeploymentPostprocessing = 0;
		};
		E78E099C1DE80ACE003AF8E0 /* Resources */ = {
			isa = PBXResourcesBuildPhase;
			buildActionMask = 2147483647;
			files = (
			);
			runOnlyForDeploymentPostprocessing = 0;
		};
		E78E09A71DE80ACE003AF8E0 /* Resources */ = {
			isa = PBXResourcesBuildPhase;
			buildActionMask = 2147483647;
			files = (
			);
			runOnlyForDeploymentPostprocessing = 0;
		};
/* End PBXResourcesBuildPhase section */

/* Begin PBXSourcesBuildPhase section */
		E78E09861DE80ACE003AF8E0 /* Sources */ = {
			isa = PBXSourcesBuildPhase;
			buildActionMask = 2147483647;
			files = (
				E78E09901DE80ACE003AF8E0 /* ViewController.swift in Sources */,
				E78E098E1DE80ACE003AF8E0 /* AppDelegate.swift in Sources */,
			);
			runOnlyForDeploymentPostprocessing = 0;
		};
		E78E099A1DE80ACE003AF8E0 /* Sources */ = {
			isa = PBXSourcesBuildPhase;
			buildActionMask = 2147483647;
			files = (
				E78E09A31DE80ACE003AF8E0 /* huatuTests.swift in Sources */,
			);
			runOnlyForDeploymentPostprocessing = 0;
		};
		E78E09A51DE80ACE003AF8E0 /* Sources */ = {
			isa = PBXSourcesBuildPhase;
			buildActionMask = 2147483647;
			files = (
				E78E09AE1DE80ACE003AF8E0 /* huatuUITests.swift in Sources */,
			);
			runOnlyForDeploymentPostprocessing = 0;
		};
/* End PBXSourcesBuildPhase section */

/* Begin PBXTargetDependency section */
		E78E09A01DE80ACE003AF8E0 /* PBXTargetDependency */ = {
			isa = PBXTargetDependency;
			target = E78E09891DE80ACE003AF8E0 /* huatu */;
			targetProxy = E78E099F1DE80ACE003AF8E0 /* PBXContainerItemProxy */;
		};
		E78E09AB1DE80ACE003AF8E0 /* PBXTargetDependency */ = {
			isa = PBXTargetDependency;
			target = E78E09891DE80ACE003AF8E0 /* huatu */;
			targetProxy = E78E09AA1DE80ACE003AF8E0 /* PBXContainerItemProxy */;
		};
/* End PBXTargetDependency section */

/* Begin PBXVariantGroup section */
		E78E09911DE80ACE003AF8E0 /* Main.storyboard */ = {
			isa = PBXVariantGroup;
			children = (
				E78E09921DE80ACE003AF8E0 /* Base */,
			);
			name = Main.storyboard;
			sourceTree = "<group>";
		};
		E78E09961DE80ACE003AF8E0 /* LaunchScreen.storyboard */ = {
			isa = PBXVariantGroup;
			children = (
				E78E09971DE80ACE003AF8E0 /* Base */,
			);
			name = LaunchScreen.storyboard;
			sourceTree = "<group>";
		};
/* End PBXVariantGroup section */

/* Begin XCBuildConfiguration section */
		E78E09B01DE80ACE003AF8E0 /* Debug */ = {
			isa = XCBuildConfiguration;
			buildSettings = {
				ALWAYS_SEARCH_USER_PATHS = NO;
				CLANG_ANALYZER_NONNULL = YES;
				CLANG_CXX_LANGUAGE_STANDARD = "gnu++0x";
				CLANG_CXX_LIBRARY = "libc++";
				CLANG_ENABLE_MODULES = YES;
				CLANG_ENABLE_OBJC_ARC = YES;
				CLANG_WARN_BOOL_CONVERSION = YES;
				CLANG_WARN_CONSTANT_CONVERSION = YES;
				CLANG_WARN_DIRECT_OBJC_ISA_USAGE = YES_ERROR;
				CLANG_WARN_DOCUMENTATION_COMMENTS = YES;
				CLANG_WARN_EMPTY_BODY = YES;
				CLANG_WARN_ENUM_CONVERSION = YES;
				CLANG_WARN_INFINITE_RECURSION = YES;
				CLANG_WARN_INT_CONVERSION = YES;
				CLANG_WARN_OBJC_ROOT_CLASS = YES_ERROR;
				CLANG_WARN_SUSPICIOUS_MOVES = YES;
				CLANG_WARN_UNREACHABLE_CODE = YES;
				CLANG_WARN__DUPLICATE_METHOD_MATCH = YES;
				"CODE_SIGN_IDENTITY[sdk=iphoneos*]" = "iPhone Developer";
				COPY_PHASE_STRIP = NO;
				DEBUG_INFORMATION_FORMAT = dwarf;
				ENABLE_STRICT_OBJC_MSGSEND = YES;
				ENABLE_TESTABILITY = YES;
				GCC_C_LANGUAGE_STANDARD = gnu99;
				GCC_DYNAMIC_NO_PIC = NO;
				GCC_NO_COMMON_BLOCKS = YES;
				GCC_OPTIMIZATION_LEVEL = 0;
				GCC_PREPROCESSOR_DEFINITIONS = (
					"DEBUG=1",
					"$(inherited)",
				);
				GCC_WARN_64_TO_32_BIT_CONVERSION = YES;
				GCC_WARN_ABOUT_RETURN_TYPE = YES_ERROR;
				GCC_WARN_UNDECLARED_SELECTOR = YES;
				GCC_WARN_UNINITIALIZED_AUTOS = YES_AGGRESSIVE;
				GCC_WARN_UNUSED_FUNCTION = YES;
				GCC_WARN_UNUSED_VARIABLE = YES;
				IPHONEOS_DEPLOYMENT_TARGET = 10.1;
				MTL_ENABLE_DEBUG_INFO = YES;
				ONLY_ACTIVE_ARCH = YES;
				SDKROOT = iphoneos;
				SWIFT_ACTIVE_COMPILATION_CONDITIONS = DEBUG;
				SWIFT_OPTIMIZATION_LEVEL = "-Onone";
				TARGETED_DEVICE_FAMILY = "1,2";
			};
			name = Debug;
		};
		E78E09B11DE80ACE003AF8E0 /* Release */ = {
			isa = XCBuildConfiguration;
			buildSettings = {
				ALWAYS_SEARCH_USER_PATHS = NO;
				CLANG_ANALYZER_NONNULL = YES;
				CLANG_CXX_LANGUAGE_STANDARD = "gnu++0x";
				CLANG_CXX_LIBRARY = "libc++";
				CLANG_ENABLE_MODULES = YES;
				CLANG_ENABLE_OBJC_ARC = YES;
				CLANG_WARN_BOOL_CONVERSION = YES;
				CLANG_WARN_CONSTANT_CONVERSION = YES;
				CLANG_WARN_DIRECT_OBJC_ISA_USAGE = YES_ERROR;
				CLANG_WARN_DOCUMENTATION_COMMENTS = YES;
				CLANG_WARN_EMPTY_BODY = YES;
				CLANG_WARN_ENUM_CONVERSION = YES;
				CLANG_WARN_INFINITE_RECURSION = YES;
				CLANG_WARN_INT_CONVERSION = YES;
				CLANG_WARN_OBJC_ROOT_CLASS = YES_ERROR;
				CLANG_WARN_SUSPICIOUS_MOVES = YES;
				CLANG_WARN_UNREACHABLE_CODE = YES;
				CLANG_WARN__DUPLICATE_METHOD_MATCH = YES;
				"CODE_SIGN_IDENTITY[sdk=iphoneos*]" = "iPhone Developer";
				COPY_PHASE_STRIP = NO;
				DEBUG_INFORMATION_FORMAT = "dwarf-with-dsym";
				ENABLE_NS_ASSERTIONS = NO;
				ENABLE_STRICT_OBJC_MSGSEND = YES;
				GCC_C_LANGUAGE_STANDARD = gnu99;
				GCC_NO_COMMON_BLOCKS = YES;
				GCC_WARN_64_TO_32_BIT_CONVERSION = YES;
				GCC_WARN_ABOUT_RETURN_TYPE = YES_ERROR;
				GCC_WARN_UNDECLARED_SELECTOR = YES;
				GCC_WARN_UNINITIALIZED_AUTOS = YES_AGGRESSIVE;
				GCC_WARN_UNUSED_FUNCTION = YES;
				GCC_WARN_UNUSED_VARIABLE = YES;
				IPHONEOS_DEPLOYMENT_TARGET = 10.1;
				MTL_ENABLE_DEBUG_INFO = NO;
				SDKROOT = iphoneos;
				SWIFT_OPTIMIZATION_LEVEL = "-Owholemodule";
				TARGETED_DEVICE_FAMILY = "1,2";
				VALIDATE_PRODUCT = YES;
			};
			name = Release;
		};
		E78E09B31DE80ACE003AF8E0 /* Debug */ = {
			isa = XCBuildConfiguration;
			buildSettings = {
				ASSETCATALOG_COMPILER_APPICON_NAME = AppIcon;
				DEVELOPMENT_TEAM = E37V3JA328;
				INFOPLIST_FILE = huatu/Info.plist;
				LD_RUNPATH_SEARCH_PATHS = "$(inherited) @executable_path/Frameworks";
				PRODUCT_BUNDLE_IDENTIFIER = DBP.huatu;
				PRODUCT_NAME = "$(TARGET_NAME)";
				SWIFT_VERSION = 3.0;
			};
			name = Debug;
		};
		E78E09B41DE80ACE003AF8E0 /* Release */ = {
			isa = XCBuildConfiguration;
			buildSettings = {
				ASSETCATALOG_COMPILER_APPICON_NAME = AppIcon;
				DEVELOPMENT_TEAM = E37V3JA328;
				INFOPLIST_FILE = huatu/Info.plist;
				LD_RUNPATH_SEARCH_PATHS = "$(inherited) @executable_path/Frameworks";
				PRODUCT_BUNDLE_IDENTIFIER = DBP.huatu;
				PRODUCT_NAME = "$(TARGET_NAME)";
				SWIFT_VERSION = 3.0;
			};
			name = Release;
		};
		E78E09B61DE80ACE003AF8E0 /* Debug */ = {
			isa = XCBuildConfiguration;
			buildSettings = {
				ALWAYS_EMBED_SWIFT_STANDARD_LIBRARIES = YES;
				BUNDLE_LOADER = "$(TEST_HOST)";
				INFOPLIST_FILE = huatuTests/Info.plist;
				LD_RUNPATH_SEARCH_PATHS = "$(inherited) @executable_path/Frameworks @loader_path/Frameworks";
				PRODUCT_BUNDLE_IDENTIFIER = DBP.huatuTests;
				PRODUCT_NAME = "$(TARGET_NAME)";
				SWIFT_VERSION = 3.0;
				TEST_HOST = "$(BUILT_PRODUCTS_DIR)/huatu.app/huatu";
			};
			name = Debug;
		};
		E78E09B71DE80ACE003AF8E0 /* Release */ = {
			isa = XCBuildConfiguration;
			buildSettings = {
				ALWAYS_EMBED_SWIFT_STANDARD_LIBRARIES = YES;
				BUNDLE_LOADER = "$(TEST_HOST)";
				INFOPLIST_FILE = huatuTests/Info.plist;
				LD_RUNPATH_SEARCH_PATHS = "$(inherited) @executable_path/Frameworks @loader_path/Frameworks";
				PRODUCT_BUNDLE_IDENTIFIER = DBP.huatuTests;
				PRODUCT_NAME = "$(TARGET_NAME)";
				SWIFT_VERSION = 3.0;
				TEST_HOST = "$(BUILT_PRODUCTS_DIR)/huatu.app/huatu";
			};
			name = Release;
		};
		E78E09B91DE80ACE003AF8E0 /* Debug */ = {
			isa = XCBuildConfiguration;
			buildSettings = {
				ALWAYS_EMBED_SWIFT_STANDARD_LIBRARIES = YES;
				INFOPLIST_FILE = huatuUITests/Info.plist;
				LD_RUNPATH_SEARCH_PATHS = "$(inherited) @executable_path/Frameworks @loader_path/Frameworks";
				PRODUCT_BUNDLE_IDENTIFIER = DBP.huatuUITests;
				PRODUCT_NAME = "$(TARGET_NAME)";
				SWIFT_VERSION = 3.0;
				TEST_TARGET_NAME = huatu;
			};
			name = Debug;
		};
		E78E09BA1DE80ACE003AF8E0 /* Release */ = {
			isa = XCBuildConfiguration;
			buildSettings = {
				ALWAYS_EMBED_SWIFT_STANDARD_LIBRARIES = YES;
				INFOPLIST_FILE = huatuUITests/Info.plist;
				LD_RUNPATH_SEARCH_PATHS = "$(inherited) @executable_path/Frameworks @loader_path/Frameworks";
				PRODUCT_BUNDLE_IDENTIFIER = DBP.huatuUITests;
				PRODUCT_NAME = "$(TARGET_NAME)";
				SWIFT_VERSION = 3.0;
				TEST_TARGET_NAME = huatu;
			};
			name = Release;
		};
/* End XCBuildConfiguration section */

/* Begin XCConfigurationList section */
		E78E09851DE80ACD003AF8E0 /* Build configuration list for PBXProject "huatu" */ = {
			isa = XCConfigurationList;
			buildConfigurations = (
				E78E09B01DE80ACE003AF8E0 /* Debug */,
				E78E09B11DE80ACE003AF8E0 /* Release */,
			);
			defaultConfigurationIsVisible = 0;
			defaultConfigurationName = Release;
		};
		E78E09B21DE80ACE003AF8E0 /* Build configuration list for PBXNativeTarget "huatu" */ = {
			isa = XCConfigurationList;
			buildConfigurations = (
				E78E09B31DE80ACE003AF8E0 /* Debug */,
				E78E09B41DE80ACE003AF8E0 /* Release */,
			);
			defaultConfigurationIsVisible = 0;
		};
		E78E09B51DE80ACE003AF8E0 /* Build configuration list for PBXNativeTarget "huatuTests" */ = {
			isa = XCConfigurationList;
			buildConfigurations = (
				E78E09B61DE80ACE003AF8E0 /* Debug */,
				E78E09B71DE80ACE003AF8E0 /* Release */,
			);
			defaultConfigurationIsVisible = 0;
		};
		E78E09B81DE80ACE003AF8E0 /* Build configuration list for PBXNativeTarget "huatuUITests" */ = {
			isa = XCConfigurationList;
			buildConfigurations = (
				E78E09B91DE80ACE003AF8E0 /* Debug */,
				E78E09BA1DE80ACE003AF8E0 /* Release */,
			);
			defaultConfigurationIsVisible = 0;
		};
/* End XCConfigurationList section */
	};
	rootObject = E78E09821DE80ACD003AF8E0 /* Project object */;
}
